
Microsoft Visual Studio Solution File, Format Version 12.00
# Visual Studio Version 16
VisualStudioVersion = 16.0.28729.10
MinimumVisualStudioVersion = 10.0.40219.1
Project("{FAE04EC0-301F-11D3-BF4B-00C04F79EFBC}") = "QuickSortCore", "QuickSortCore\QuickSortCore.csproj", "{ACCA11EA-CF40-407D-B49D-442D8E49F692}"
EndProject
Global
	GlobalSection(SolutionConfigurationPlatforms) = preSolution
		Debug|Any CPU = Debug|Any CPU
		Release|Any CPU = Release|Any CPU
	EndGlobalSection
	GlobalSection(ProjectConfigurationPlatforms) = postSolution
		{ACCA11EA-CF40-407D-B49D-442D8E49F692}.Debug|Any CPU.ActiveCfg = Debug|Any CPU
		{ACCA11EA-CF40-407D-B49D-442D8E49F692}.Debug|Any CPU.Build.0 = Debug|Any CPU
		{ACCA11EA-CF40-407D-B49D-442D8E49F692}.Release|Any CPU.ActiveCfg = Release|Any CPU
		{ACCA11EA-CF40-407D-B49D-442D8E49F692}.Release|Any CPU.Build.0 = Release|Any CPU
	EndGlobalSection
	GlobalSection(SolutionProperties) = preSolution
		HideSolutionNode = FALSE
	EndGlobalSection
	GlobalSection(ExtensibilityGlobals) = postSolution
		SolutionGuid = {2AE69360-EB20-4E29-B0A6-30B015838BC4}
	EndGlobalSection
EndGlobal
